// !$*UTF8*$!
{
	archiveVersion = 1;
	classes = {
	};
	objectVersion = 46;
	objects = {

/* Begin PBXBuildFile section */
		268E1FD71BF5B835000690B7 /* main.m in Sources */ = {isa = PBXBuildFile; fileRef = 268E1FD61BF5B835000690B7 /* main.m */; };
		268E1FDA1BF5B835000690B7 /* AppDelegate.m in Sources */ = {isa = PBXBuildFile; fileRef = 268E1FD91BF5B835000690B7 /* AppDelegate.m */; };
		268E1FE21BF5B835000690B7 /* Images.xcassets in Resources */ = {isa = PBXBuildFile; fileRef = 268E1FE11BF5B835000690B7 /* Images.xcassets */; };
		268E1FE51BF5B835000690B7 /* LaunchScreen.xib in Resources */ = {isa = PBXBuildFile; fileRef = 268E1FE31BF5B835000690B7 /* LaunchScreen.xib */; };
		268E20001BF5B898000690B7 /* ICDPopupMenu.m in Sources */ = {isa = PBXBuildFile; fileRef = 268E1FFE1BF5B898000690B7 /* ICDPopupMenu.m */; };
		268E20031BF5B92A000690B7 /* UIImage+Color.m in Sources */ = {isa = PBXBuildFile; fileRef = 268E20021BF5B92A000690B7 /* UIImage+Color.m */; };
		268E200F1BF6CE4C000690B7 /* TestViewController.m in Sources */ = {isa = PBXBuildFile; fileRef = 268E200D1BF6CE4C000690B7 /* TestViewController.m */; };
		268E20101BF6CE4C000690B7 /* TestViewController.xib in Resources */ = {isa = PBXBuildFile; fileRef = 268E200E1BF6CE4C000690B7 /* TestViewController.xib */; };
/* End PBXBuildFile section */

/* Begin PBXFileReference section */
		268E1FD11BF5B835000690B7 /* ICDPopupMenu.app */ = {isa = PBXFileReference; explicitFileType = wrapper.application; includeInIndex = 0; path = ICDPopupMenu.app; sourceTree = BUILT_PRODUCTS_DIR; };
		268E1FD51BF5B835000690B7 /* Info.plist */ = {isa = PBXFileReference; lastKnownFileType = text.plist.xml; path = Info.plist; sourceTree = "<group>"; };
		268E1FD61BF5B835000690B7 /* main.m */ = {isa = PBXFileReference; lastKnownFileType = sourcecode.c.objc; path = main.m; sourceTree = "<group>"; };
		268E1FD81BF5B835000690B7 /* AppDelegate.h */ = {isa = PBXFileReference; lastKnownFileType = sourcecode.c.h; path = AppDelegate.h; sourceTree = "<group>"; };
		268E1FD91BF5B835000690B7 /* AppDelegate.m */ = {isa = PBXFileReference; lastKnownFileType = sourcecode.c.objc; path = AppDelegate.m; sourceTree = "<group>"; };
		268E1FE11BF5B835000690B7 /* Images.xcassets */ = {isa = PBXFileReference; lastKnownFileType = folder.assetcatalog; path = Images.xcassets; sourceTree = "<group>"; };
		268E1FE41BF5B835000690B7 /* Base */ = {isa = PBXFileReference; lastKnownFileType = file.xib; name = Base; path = Base.lproj/LaunchScreen.xib; sourceTree = "<group>"; };
		268E1FFD1BF5B898000690B7 /* ICDPopupMenu.h */ = {isa = PBXFileReference; fileEncoding = 4; lastKnownFileType = sourcecode.c.h; path = ICDPopupMenu.h; sourceTree = "<group>"; };
		268E1FFE1BF5B898000690B7 /* ICDPopupMenu.m */ = {isa = PBXFileReference; fileEncoding = 4; lastKnownFileType = sourcecode.c.objc; path = ICDPopupMenu.m; sourceTree = "<group>"; };
		268E20011BF5B92A000690B7 /* UIImage+Color.h */ = {isa = PBXFileReference; fileEncoding = 4; lastKnownFileType = sourcecode.c.h; path = "UIImage+Color.h"; sourceTree = "<group>"; };
		268E20021BF5B92A000690B7 /* UIImage+Color.m */ = {isa = PBXFileReference; fileEncoding = 4; lastKnownFileType = sourcecode.c.objc; path = "UIImage+Color.m"; sourceTree = "<group>"; };
		268E200C1BF6CE4C000690B7 /* TestViewController.h */ = {isa = PBXFileReference; fileEncoding = 4; lastKnownFileType = sourcecode.c.h; path = TestViewController.h; sourceTree = "<group>"; };
		268E200D1BF6CE4C000690B7 /* TestViewController.m */ = {isa = PBXFileReference; fileEncoding = 4; lastKnownFileType = sourcecode.c.objc; path = TestViewController.m; sourceTree = "<group>"; };
		268E200E1BF6CE4C000690B7 /* TestViewController.xib */ = {isa = PBXFileReference; fileEncoding = 4; lastKnownFileType = file.xib; path = TestViewController.xib; sourceTree = "<group>"; };
/* End PBXFileReference section */

/* Begin PBXFrameworksBuildPhase section */
		268E1FCE1BF5B835000690B7 /* Frameworks */ = {
			isa = PBXFrameworksBuildPhase;
			buildActionMask = 2147483647;
			files = (
			);
			runOnlyForDeploymentPostprocessing = 0;
		};
/* End PBXFrameworksBuildPhase section */

/* Begin PBXGroup section */
		268E1FC81BF5B835000690B7 = {
			isa = PBXGroup;
			children = (
				268E1FD31BF5B835000690B7 /* ICDPopupMenu */,
				268E1FD21BF5B835000690B7 /* Products */,
			);
			sourceTree = "<group>";
		};
		268E1FD21BF5B835000690B7 /* Products */ = {
			isa = PBXGroup;
			children = (
				268E1FD11BF5B835000690B7 /* ICDPopupMenu.app */,
			);
			name = Products;
			sourceTree = "<group>";
		};
		268E1FD31BF5B835000690B7 /* ICDPopupMenu */ = {
			isa = PBXGroup;
			children = (
				268E1FFA1BF5B898000690B7 /* Class */,
				268E1FD81BF5B835000690B7 /* AppDelegate.h */,
				268E1FD91BF5B835000690B7 /* AppDelegate.m */,
				268E200C1BF6CE4C000690B7 /* TestViewController.h */,
				268E200D1BF6CE4C000690B7 /* TestViewController.m */,
				268E200E1BF6CE4C000690B7 /* TestViewController.xib */,
				268E1FE11BF5B835000690B7 /* Images.xcassets */,
				268E1FE31BF5B835000690B7 /* LaunchScreen.xib */,
				268E1FD41BF5B835000690B7 /* Supporting Files */,
			);
			path = ICDPopupMenu;
			sourceTree = "<group>";
		};
		268E1FD41BF5B835000690B7 /* Supporting Files */ = {
			isa = PBXGroup;
			children = (
				268E1FD51BF5B835000690B7 /* Info.plist */,
				268E1FD61BF5B835000690B7 /* main.m */,
			);
			name = "Supporting Files";
			sourceTree = "<group>";
		};
		268E1FFA1BF5B898000690B7 /* Class */ = {
			isa = PBXGroup;
			children = (
				268E20011BF5B92A000690B7 /* UIImage+Color.h */,
				268E20021BF5B92A000690B7 /* UIImage+Color.m */,
				268E1FFD1BF5B898000690B7 /* ICDPopupMenu.h */,
				268E1FFE1BF5B898000690B7 /* ICDPopupMenu.m */,
			);
			path = Class;
			sourceTree = "<group>";
		};
/* End PBXGroup section */

/* Begin PBXNativeTarget section */
		268E1FD01BF5B835000690B7 /* ICDPopupMenu */ = {
			isa = PBXNativeTarget;
			buildConfigurationList = 268E1FF41BF5B835000690B7 /* Build configuration list for PBXNativeTarget "ICDPopupMenu" */;
			buildPhases = (
				268E1FCD1BF5B835000690B7 /* Sources */,
				268E1FCE1BF5B835000690B7 /* Frameworks */,
				268E1FCF1BF5B835000690B7 /* Resources */,
			);
			buildRules = (
			);
			dependencies = (
			);
			name = ICDPopupMenu;
			productName = ICDPopupMenu;
			productReference = 268E1FD11BF5B835000690B7 /* ICDPopupMenu.app */;
			productType = "com.apple.product-type.application";
		};
/* End PBXNativeTarget section */

/* Begin PBXProject section */
		268E1FC91BF5B835000690B7 /* Project object */ = {
			isa = PBXProject;
			attributes = {
				LastUpgradeCheck = 0640;
				ORGANIZATIONNAME = wenky;
				TargetAttributes = {
					268E1FD01BF5B835000690B7 = {
						CreatedOnToolsVersion = 6.4;
					};
				};
			};
			buildConfigurationList = 268E1FCC1BF5B835000690B7 /* Build configuration list for PBXProject "ICDPopupMenu" */;
			compatibilityVersion = "Xcode 3.2";
			developmentRegion = English;
			hasScannedForEncodings = 0;
			knownRegions = (
				en,
				Base,
			);
			mainGroup = 268E1FC81BF5B835000690B7;
			productRefGroup = 268E1FD21BF5B835000690B7 /* Products */;
			projectDirPath = "";
			projectRoot = "";
			targets = (
				268E1FD01BF5B835000690B7 /* ICDPopupMenu */,
			);
		};
/* End PBXProject section */

/* Begin PBXResourcesBuildPhase section */
		268E1FCF1BF5B835000690B7 /* Resources */ = {
			isa = PBXResourcesBuildPhase;
			buildActionMask = 2147483647;
			files = (
				268E1FE51BF5B835000690B7 /* LaunchScreen.xib in Resources */,
				268E20101BF6CE4C000690B7 /* TestViewController.xib in Resources */,
				268E1FE21BF5B835000690B7 /* Images.xcassets in Resources */,
			);
			runOnlyForDeploymentPostprocessing = 0;
		};
/* End PBXResourcesBuildPhase section */

/* Begin PBXSourcesBuildPhase section */
		268E1FCD1BF5B835000690B7 /* Sources */ = {
			isa = PBXSourcesBuildPhase;
			buildActionMask = 2147483647;
			files = (
				268E200F1BF6CE4C000690B7 /* TestViewController.m in Sources */,
				268E1FDA1BF5B835000690B7 /* AppDelegate.m in Sources */,
				268E20031BF5B92A000690B7 /* UIImage+Color.m in Sources */,
				268E20001BF5B898000690B7 /* ICDPopupMenu.m in Sources */,
				268E1FD71BF5B835000690B7 /* main.m in Sources */,
			);
			runOnlyForDeploymentPostprocessing = 0;
		};
/* End PBXSourcesBuildPhase section */

/* Begin PBXVariantGroup section */
		268E1FE31BF5B835000690B7 /* LaunchScreen.xib */ = {
			isa = PBXVariantGroup;
			children = (
				268E1FE41BF5B835000690B7 /* Base */,
			);
			name = LaunchScreen.xib;
			sourceTree = "<group>";
		};
/* End PBXVariantGroup section */

/* Begin XCBuildConfiguration section */
		268E1FF21BF5B835000690B7 /* Debug */ = {
			isa = XCBuildConfiguration;
			buildSettings = {
				ALWAYS_SEARCH_USER_PATHS = NO;
				CLANG_CXX_LANGUAGE_STANDARD = "gnu++0x";
				CLANG_CXX_LIBRARY = "libc++";
				CLANG_ENABLE_MODULES = YES;
				CLANG_ENABLE_OBJC_ARC = YES;
				CLANG_WARN_BOOL_CONVERSION = YES;
				CLANG_WARN_CONSTANT_CONVERSION = YES;
				CLANG_WARN_DIRECT_OBJC_ISA_USAGE = YES_ERROR;
				CLANG_WARN_EMPTY_BODY = YES;
				CLANG_WARN_ENUM_CONVERSION = YES;
				CLANG_WARN_INT_CONVERSION = YES;
				CLANG_WARN_OBJC_ROOT_CLASS = YES_ERROR;
				CLANG_WARN_UNREACHABLE_CODE = YES;
				CLANG_WARN__DUPLICATE_METHOD_MATCH = YES;
				"CODE_SIGN_IDENTITY[sdk=iphoneos*]" = "iPhone Developer";
				COPY_PHASE_STRIP = NO;
				DEBUG_INFORMATION_FORMAT = "dwarf-with-dsym";
				ENABLE_STRICT_OBJC_MSGSEND = YES;
				GCC_C_LANGUAGE_STANDARD = gnu99;
				GCC_DYNAMIC_NO_PIC = NO;
				GCC_NO_COMMON_BLOCKS = YES;
				GCC_OPTIMIZATION_LEVEL = 0;
				GCC_PREPROCESSOR_DEFINITIONS = (
					"DEBUG=1",
					"$(inherited)",
				);
				GCC_SYMBOLS_PRIVATE_EXTERN = NO;
				GCC_WARN_64_TO_32_BIT_CONVERSION = YES;
				GCC_WARN_ABOUT_RETURN_TYPE = YES_ERROR;
				GCC_WARN_UNDECLARED_SELECTOR = YES;
				GCC_WARN_UNINITIALIZED_AUTOS = YES_AGGRESSIVE;
				GCC_WARN_UNUSED_FUNCTION = YES;
				GCC_WARN_UNUSED_VARIABLE = YES;
				IPHONEOS_DEPLOYMENT_TARGET = 8.4;
				MTL_ENABLE_DEBUG_INFO = YES;
				ONLY_ACTIVE_ARCH = YES;
				SDKROOT = iphoneos;
			};
			name = Debug;
		};
		268E1FF31BF5B835000690B7 /* Release */ = {
			isa = XCBuildConfiguration;
			buildSettings = {
				ALWAYS_SEARCH_USER_PATHS = NO;
				CLANG_CXX_LANGUAGE_STANDARD = "gnu++0x";
				CLANG_CXX_LIBRARY = "libc++";
				CLANG_ENABLE_MODULES = YES;
				CLANG_ENABLE_OBJC_ARC = YES;
				CLANG_WARN_BOOL_CONVERSION = YES;
				CLANG_WARN_CONSTANT_CONVERSION = YES;
				CLANG_WARN_DIRECT_OBJC_ISA_USAGE = YES_ERROR;
				CLANG_WARN_EMPTY_BODY = YES;
				CLANG_WARN_ENUM_CONVERSION = YES;
				CLANG_WARN_INT_CONVERSION = YES;
				CLANG_WARN_OBJC_ROOT_CLASS = YES_ERROR;
				CLANG_WARN_UNREACHABLE_CODE = YES;
				CLANG_WARN__DUPLICATE_METHOD_MATCH = YES;
				"CODE_SIGN_IDENTITY[sdk=iphoneos*]" = "iPhone Developer";
				COPY_PHASE_STRIP = NO;
				DEBUG_INFORMATION_FORMAT = "dwarf-with-dsym";
				ENABLE_NS_ASSERTIONS = NO;
				ENABLE_STRICT_OBJC_MSGSEND = YES;
				GCC_C_LANGUAGE_STANDARD = gnu99;
				GCC_NO_COMMON_BLOCKS = YES;
				GCC_WARN_64_TO_32_BIT_CONVERSION = YES;
				GCC_WARN_ABOUT_RETURN_TYPE = YES_ERROR;
				GCC_WARN_UNDECLARED_SELECTOR = YES;
				GCC_WARN_UNINITIALIZED_AUTOS = YES_AGGRESSIVE;
				GCC_WARN_UNUSED_FUNCTION = YES;
				GCC_WARN_UNUSED_VARIABLE = YES;
				IPHONEOS_DEPLOYMENT_TARGET = 8.4;
				MTL_ENABLE_DEBUG_INFO = NO;
				SDKROOT = iphoneos;
				VALIDATE_PRODUCT = YES;
			};
			name = Release;
		};
		268E1FF51BF5B835000690B7 /* Debug */ = {
			isa = XCBuildConfiguration;
			buildSettings = {
				ASSETCATALOG_COMPILER_APPICON_NAME = AppIcon;
				INFOPLIST_FILE = ICDPopupMenu/Info.plist;
				LD_RUNPATH_SEARCH_PATHS = "$(inherited) @executable_path/Frameworks";
				PRODUCT_NAME = "$(TARGET_NAME)";
			};
			name = Debug;
		};
		268E1FF61BF5B835000690B7 /* Release */ = {
			isa = XCBuildConfiguration;
			buildSettings = {
				ASSETCATALOG_COMPILER_APPICON_NAME = AppIcon;
				INFOPLIST_FILE = ICDPopupMenu/Info.plist;
				LD_RUNPATH_SEARCH_PATHS = "$(inherited) @executable_path/Frameworks";
				PRODUCT_NAME = "$(TARGET_NAME)";
			};
			name = Release;
		};
/* End XCBuildConfiguration section */

/* Begin XCConfigurationList section */
		268E1FCC1BF5B835000690B7 /* Build configuration list for PBXProject "ICDPopupMenu" */ = {
			isa = XCConfigurationList;
			buildConfigurations = (
				268E1FF21BF5B835000690B7 /* Debug */,
				268E1FF31BF5B835000690B7 /* Release */,
			);
			defaultConfigurationIsVisible = 0;
			defaultConfigurationName = Release;
		};
		268E1FF41BF5B835000690B7 /* Build configuration list for PBXNativeTarget "ICDPopupMenu" */ = {
			isa = XCConfigurationList;
			buildConfigurations = (
				268E1FF51BF5B835000690B7 /* Debug */,
				268E1FF61BF5B835000690B7 /* Release */,
			);
			defaultConfigurationIsVisible = 0;
			defaultConfigurationName = Release;
		};
/* End XCConfigurationList section */
	};
	rootObject = 268E1FC91BF5B835000690B7 /* Project object */;
}
